
Microsoft Visual Studio Solution File, Format Version 12.00
# Visual Studio Version 17
VisualStudioVersion = 17.13.35806.99
MinimumVisualStudioVersion = 10.0.40219.1
Project("{FAE04EC0-301F-11D3-BF4B-00C04F79EFBC}") = "DVLD Presentation Layer", "DVLD Presentation Layer.csproj", "{36526248-31B2-483D-B584-63A39A7A2B79}"
EndProject
Project("{FAE04EC0-301F-11D3-BF4B-00C04F79EFBC}") = "DVLD_BusinessLayer", "..\DVLD_BusinessLayer\DVLD_BusinessLayer.csproj", "{B8EFE37E-DFB2-4BCE-9C13-0E000627DC87}"
EndProject
Project("{FAE04EC0-301F-11D3-BF4B-00C04F79EFBC}") = "DVLD_DataAccessLayer", "..\DVLD_DataAccessLayer\DVLD_DataAccessLayer.csproj", "{77B07562-63FA-4B9A-863A-D35302608206}"
EndProject
Global
	GlobalSection(SolutionConfigurationPlatforms) = preSolution
		Debug|Any CPU = Debug|Any CPU
		Release|Any CPU = Release|Any CPU
	EndGlobalSection
	GlobalSection(ProjectConfigurationPlatforms) = postSolution
		{36526248-31B2-483D-B584-63A39A7A2B79}.Debug|Any CPU.ActiveCfg = Debug|Any CPU
		{36526248-31B2-483D-B584-63A39A7A2B79}.Debug|Any CPU.Build.0 = Debug|Any CPU
		{36526248-31B2-483D-B584-63A39A7A2B79}.Release|Any CPU.ActiveCfg = Release|Any CPU
		{36526248-31B2-483D-B584-63A39A7A2B79}.Release|Any CPU.Build.0 = Release|Any CPU
		{B8EFE37E-DFB2-4BCE-9C13-0E000627DC87}.Debug|Any CPU.ActiveCfg = Debug|Any CPU
		{B8EFE37E-DFB2-4BCE-9C13-0E000627DC87}.Debug|Any CPU.Build.0 = Debug|Any CPU
		{B8EFE37E-DFB2-4BCE-9C13-0E000627DC87}.Release|Any CPU.ActiveCfg = Release|Any CPU
		{B8EFE37E-DFB2-4BCE-9C13-0E000627DC87}.Release|Any CPU.Build.0 = Release|Any CPU
		{77B07562-63FA-4B9A-863A-D35302608206}.Debug|Any CPU.ActiveCfg = Debug|Any CPU
		{77B07562-63FA-4B9A-863A-D35302608206}.Debug|Any CPU.Build.0 = Debug|Any CPU
		{77B07562-63FA-4B9A-863A-D35302608206}.Release|Any CPU.ActiveCfg = Release|Any CPU
		{77B07562-63FA-4B9A-863A-D35302608206}.Release|Any CPU.Build.0 = Release|Any CPU
	EndGlobalSection
	GlobalSection(SolutionProperties) = preSolution
		HideSolutionNode = FALSE
	EndGlobalSection
	GlobalSection(ExtensibilityGlobals) = postSolution
		SolutionGuid = {EA5F0E0B-BDC9-48DC-AE38-EF423E7A9FEC}
	EndGlobalSection
EndGlobal
